PODS:
  - JustPersist/Core (2.5.2)
  - JustPersist/MagicalRecord (2.5.2):
    - JustPersist/Core
    - MagicalRecord (~> 2.3.2)
  - JustPersist/Skopelos (2.5.2):
    - JustPersist/Core
    - Skopelos (~> 2.4.1)
  - MagicalRecord (2.3.2):
    - MagicalRecord/Core (= 2.3.2)
  - MagicalRecord/Core (2.3.2)
  - Skopelos (2.4.1)

DEPENDENCIES:
  - JustPersist/MagicalRecord (from `../`)
  - JustPersist/Skopelos (from `../`)
  - Skopelos (= 2.4.1)

SPEC REPOS:
  https://github.com/cocoapods/specs.git:
    - MagicalRecord
    - Skopelos

EXTERNAL SOURCES:
  JustPersist:
    :path: "../"

SPEC CHECKSUMS:
  JustPersist: aee0a8e8d777747b83a8060cd82faa852e7308d7
  MagicalRecord: 53bed74b4323b930992a725be713e53b37d19755
  Skopelos: be2cd67e9215aece9fc51a3181c0f37e084a85d1

PODFILE CHECKSUM: 2baa4426ce7b2c8c49df5ce52cffa163bccc94e9

COCOAPODS: 1.6.2
