PODS:
  - JustPersist/Core (0.1.0)
  - JustPersist/MagicalRecord (0.1.0):
    - JustPersist/Core
    - MagicalRecord (~> 2.3.2)
  - JustPersist/Skopelos (0.1.0):
    - JustPersist/Core
    - Skopelos (= 2.0.0)
  - MagicalRecord (2.3.2):
    - MagicalRecord/Core (= 2.3.2)
  - MagicalRecord/Core (2.3.2)
  - Skopelos (2.0.0)

DEPENDENCIES:
  - JustPersist/MagicalRecord (from `../`)
  - JustPersist/Skopelos (from `../`)

EXTERNAL SOURCES:
  JustPersist:
    :path: "../"

SPEC CHECKSUMS:
  JustPersist: 4c068b71cebb4019bb1e33604c748bc28ce0a43d
  MagicalRecord: 53bed74b4323b930992a725be713e53b37d19755
  Skopelos: c35baf7b0c593a6889d121090eaf31a484ecc8f2

PODFILE CHECKSUM: e8d4ffe1902a2a2c93c5cda57466ccda41571eee

COCOAPODS: 1.1.1
