PODS:
  - JustPersist/Core (2.5.0)
  - JustPersist/MagicalRecord (2.5.0):
    - JustPersist/Core
    - MagicalRecord (~> 2.3.2)
  - JustPersist/Skopelos (2.5.0):
    - JustPersist/Core
    - Skopelos (~> 2.4.0)
  - MagicalRecord (2.3.2):
    - MagicalRecord/Core (= 2.3.2)
  - MagicalRecord/Core (2.3.2)
  - Skopelos (2.4.0)

DEPENDENCIES:
  - JustPersist/MagicalRecord (from `../`)
  - JustPersist/Skopelos (from `../`)

SPEC REPOS:
  https://github.com/cocoapods/specs.git:
    - MagicalRecord
    - Skopelos

EXTERNAL SOURCES:
  JustPersist:
    :path: "../"

SPEC CHECKSUMS:
  JustPersist: e44cb8090244c9f72617380d47681b710bdaf90a
  MagicalRecord: 53bed74b4323b930992a725be713e53b37d19755
  Skopelos: fec42040fad49a0fa2e52959e18178800e652aeb

PODFILE CHECKSUM: 5a9f15813f9b273556ce01c6b7137a3a6386420f

COCOAPODS: 1.6.1
